
Microsoft Visual Studio Solution File, Format Version 12.00
# Visual Studio 15
VisualStudioVersion = 15.0.28307.1000
MinimumVisualStudioVersion = 10.0.40219.1
Project("{9A19103F-16F7-4668-BE54-9A1E7A4F7556}") = "BlogPost_WebAPI", "BlogPost_WebAPI.csproj", "{A63E603B-5423-409D-B86C-547D5199F4BC}"
EndProject
Global
	GlobalSection(SolutionConfigurationPlatforms) = preSolution
		Debug|Any CPU = Debug|Any CPU
		Release|Any CPU = Release|Any CPU
	EndGlobalSection
	GlobalSection(ProjectConfigurationPlatforms) = postSolution
		{A63E603B-5423-409D-B86C-547D5199F4BC}.Debug|Any CPU.ActiveCfg = Debug|Any CPU
		{A63E603B-5423-409D-B86C-547D5199F4BC}.Debug|Any CPU.Build.0 = Debug|Any CPU
		{A63E603B-5423-409D-B86C-547D5199F4BC}.Release|Any CPU.ActiveCfg = Release|Any CPU
		{A63E603B-5423-409D-B86C-547D5199F4BC}.Release|Any CPU.Build.0 = Release|Any CPU
	EndGlobalSection
	GlobalSection(SolutionProperties) = preSolution
		HideSolutionNode = FALSE
	EndGlobalSection
	GlobalSection(ExtensibilityGlobals) = postSolution
		SolutionGuid = {FCAC45FB-3777-4320-ACFE-639647A50D81}
	EndGlobalSection
EndGlobal
